
Microsoft Visual Studio Solution File, Format Version 12.00
Project("{FAE04EC0-301F-11D3-BF4B-00C04F79EFBC}") = "SecretaryProblem4", "SecretaryProblem4.csproj", "{3EC2B910-5BE7-4B1A-99EC-80DCB23A7818}"
EndProject
Global
	GlobalSection(SolutionConfigurationPlatforms) = preSolution
		Debug|Any CPU = Debug|Any CPU
		Release|Any CPU = Release|Any CPU
	EndGlobalSection
	GlobalSection(ProjectConfigurationPlatforms) = postSolution
		{3EC2B910-5BE7-4B1A-99EC-80DCB23A7818}.Debug|Any CPU.ActiveCfg = Debug|Any CPU
		{3EC2B910-5BE7-4B1A-99EC-80DCB23A7818}.Debug|Any CPU.Build.0 = Debug|Any CPU
		{3EC2B910-5BE7-4B1A-99EC-80DCB23A7818}.Release|Any CPU.ActiveCfg = Release|Any CPU
		{3EC2B910-5BE7-4B1A-99EC-80DCB23A7818}.Release|Any CPU.Build.0 = Release|Any CPU
	EndGlobalSection
EndGlobal
